
Microsoft Visual Studio Solution File, Format Version 12.00
# Visual Studio Version 17
VisualStudioVersion = 17.0.31903.59
MinimumVisualStudioVersion = 10.0.40219.1
Project("{9A19103F-16F7-4668-BE54-9A1E7A4F7556}") = "TestingProjectSetup.Domain", "TestingProjectSetup.Domain\TestingProjectSetup.Domain.csproj", "{B94EAEC7-EA12-4760-B5D2-71C70E9FA19C}"
EndProject
Project("{9A19103F-16F7-4668-BE54-9A1E7A4F7556}") = "TestingProjectSetup.Application", "TestingProjectSetup.Application\TestingProjectSetup.Application.csproj", "{5A0C51EB-E9CF-48D1-B91D-7A9788630567}"
EndProject
Project("{9A19103F-16F7-4668-BE54-9A1E7A4F7556}") = "TestingProjectSetup.Infrastructure", "TestingProjectSetup.Infrastructure\TestingProjectSetup.Infrastructure.csproj", "{6740A9C5-24E2-43B7-B365-97141ACD7428}"
EndProject
Project("{9A19103F-16F7-4668-BE54-9A1E7A4F7556}") = "TestingProjectSetup.Api", "TestingProjectSetup.Api\TestingProjectSetup.Api.csproj", "{13585173-B2A0-4175-8F64-B68540308055}"
EndProject
Project("{2150E333-8FDC-42A3-9474-1A3956D46DE8}") = "Solution Items", "Solution Items", "{6223AB98-47F9-4737-BE09-E39095FAA2B6}"
	ProjectSection(SolutionItems) = preProject
		.dockerignore = .dockerignore
		.gitignore = .gitignore
		docker-compose.yml = docker-compose.yml
		Dockerfile = Dockerfile
		README.md = README.md
	EndProjectSection
EndProject
Global
	GlobalSection(SolutionConfigurationPlatforms) = preSolution
		Debug|Any CPU = Debug|Any CPU
		Release|Any CPU = Release|Any CPU
	EndGlobalSection
	GlobalSection(ProjectConfigurationPlatforms) = postSolution
		{B94EAEC7-EA12-4760-B5D2-71C70E9FA19C}.Debug|Any CPU.ActiveCfg = Debug|Any CPU
		{B94EAEC7-EA12-4760-B5D2-71C70E9FA19C}.Debug|Any CPU.Build.0 = Debug|Any CPU
		{B94EAEC7-EA12-4760-B5D2-71C70E9FA19C}.Release|Any CPU.ActiveCfg = Release|Any CPU
		{B94EAEC7-EA12-4760-B5D2-71C70E9FA19C}.Release|Any CPU.Build.0 = Release|Any CPU
		{5A0C51EB-E9CF-48D1-B91D-7A9788630567}.Debug|Any CPU.ActiveCfg = Debug|Any CPU
		{5A0C51EB-E9CF-48D1-B91D-7A9788630567}.Debug|Any CPU.Build.0 = Debug|Any CPU
		{5A0C51EB-E9CF-48D1-B91D-7A9788630567}.Release|Any CPU.ActiveCfg = Release|Any CPU
		{5A0C51EB-E9CF-48D1-B91D-7A9788630567}.Release|Any CPU.Build.0 = Release|Any CPU
		{6740A9C5-24E2-43B7-B365-97141ACD7428}.Debug|Any CPU.ActiveCfg = Debug|Any CPU
		{6740A9C5-24E2-43B7-B365-97141ACD7428}.Debug|Any CPU.Build.0 = Debug|Any CPU
		{6740A9C5-24E2-43B7-B365-97141ACD7428}.Release|Any CPU.ActiveCfg = Release|Any CPU
		{6740A9C5-24E2-43B7-B365-97141ACD7428}.Release|Any CPU.Build.0 = Release|Any CPU
		{13585173-B2A0-4175-8F64-B68540308055}.Debug|Any CPU.ActiveCfg = Debug|Any CPU
		{13585173-B2A0-4175-8F64-B68540308055}.Debug|Any CPU.Build.0 = Debug|Any CPU
		{13585173-B2A0-4175-8F64-B68540308055}.Release|Any CPU.ActiveCfg = Release|Any CPU
		{13585173-B2A0-4175-8F64-B68540308055}.Release|Any CPU.Build.0 = Release|Any CPU
	EndGlobalSection
	GlobalSection(SolutionProperties) = preSolution
		HideSolutionNode = FALSE
	EndGlobalSection
	GlobalSection(ExtensibilityGlobals) = postSolution
		SolutionGuid = {DA31528A-A0B6-4551-92AF-E722204B6C24}
	EndGlobalSection
EndGlobal
